
Microsoft Visual Studio Solution File, Format Version 12.00
# Visual Studio Version 17
VisualStudioVersion = 17.11.35222.181
MinimumVisualStudioVersion = 10.0.40219.1
Project("{2150E333-8FDC-42A3-9474-1A3956D46DE8}") = "src", "src", "{B10F2FCB-697A-4090-996C-57D1841181DF}"
EndProject
Project("{2150E333-8FDC-42A3-9474-1A3956D46DE8}") = "tests", "tests", "{3C318AF9-4D59-4A7F-A557-51B42FAFC081}"
EndProject
Project("{2150E333-8FDC-42A3-9474-1A3956D46DE8}") = "solution items", "solution items", "{DDF1425F-DECB-4811-AE9C-BBCC67ADBFD6}"
	ProjectSection(SolutionItems) = preProject
		src\Web\Dockerfile = src\Web\Dockerfile
	EndProjectSection
EndProject
Project("{2150E333-8FDC-42A3-9474-1A3956D46DE8}") = "Users", "Users", "{DCEEE20B-70C2-40E1-855B-5BF3AA8F28CA}"
EndProject
Project("{9A19103F-16F7-4668-BE54-9A1E7A4F7556}") = "Users.API", "src\Users\Users.API\Users.API.csproj", "{4EC008E5-F584-4A0C-8BBA-7FE00E5C3E48}"
EndProject
Project("{9A19103F-16F7-4668-BE54-9A1E7A4F7556}") = "Users.Domain", "src\Users\Users.Domain\Users.Domain.csproj", "{D0A6B8C2-8F6C-4176-8FCC-BEE5C544C893}"
EndProject
Project("{9A19103F-16F7-4668-BE54-9A1E7A4F7556}") = "Users.Application", "src\Users\Users.Application\Users.Application.csproj", "{F824D8FE-D869-43DE-B685-C348799E2ADE}"
EndProject
Project("{9A19103F-16F7-4668-BE54-9A1E7A4F7556}") = "Users.Infrastructure", "src\Users\Users.Infrastructure\Users.Infrastructure.csproj", "{98193BF7-2DFB-48B5-88FA-38A5998C6FC5}"
EndProject
Project("{9A19103F-16F7-4668-BE54-9A1E7A4F7556}") = "UnitTests", "tests\UnitTests\UnitTests.csproj", "{0332F525-37F9-4357-855D-7872D71000D9}"
EndProject
Project("{9A19103F-16F7-4668-BE54-9A1E7A4F7556}") = "Auth.API", "src\Auth\Auth.API\Auth.API.csproj", "{002FF558-2557-443D-AE1D-ADEAAFBE99B0}"
EndProject
Project("{2150E333-8FDC-42A3-9474-1A3956D46DE8}") = "Auth", "Auth", "{3C07DF60-D035-4AA8-9A46-08958495C88D}"
EndProject
Project("{9A19103F-16F7-4668-BE54-9A1E7A4F7556}") = "Auth.Application", "src\Auth\Auth.Application\Auth.Application.csproj", "{0955AAC9-A9F7-4CDF-AB0F-5D9F14058E44}"
EndProject
Project("{2150E333-8FDC-42A3-9474-1A3956D46DE8}") = "Services", "Services", "{C9E87FD4-52FE-405F-9B0F-7C547F70C928}"
EndProject
Project("{9A19103F-16F7-4668-BE54-9A1E7A4F7556}") = "UserControl", "src\Services\UserControl\UserControl.csproj", "{6E24A950-4123-4187-98FA-58E250D8034C}"
EndProject
Project("{9A19103F-16F7-4668-BE54-9A1E7A4F7556}") = "IntegrationalTests", "tests\FunctionalTests\IntegrationalTests.csproj", "{69A9D67D-E680-4C83-90E6-81E61A99641B}"
EndProject
Project("{FAE04EC0-301F-11D3-BF4B-00C04F79EFBC}") = "FunctionalTests", "FunctionalTests\FunctionalTests.csproj", "{9CC825DA-E4BF-4B32-9100-D3F026823000}"
EndProject
Global
	GlobalSection(SolutionConfigurationPlatforms) = preSolution
		Debug|Any CPU = Debug|Any CPU
		Release|Any CPU = Release|Any CPU
	EndGlobalSection
	GlobalSection(ProjectConfigurationPlatforms) = postSolution
		{4EC008E5-F584-4A0C-8BBA-7FE00E5C3E48}.Debug|Any CPU.ActiveCfg = Debug|Any CPU
		{4EC008E5-F584-4A0C-8BBA-7FE00E5C3E48}.Debug|Any CPU.Build.0 = Debug|Any CPU
		{4EC008E5-F584-4A0C-8BBA-7FE00E5C3E48}.Release|Any CPU.ActiveCfg = Release|Any CPU
		{4EC008E5-F584-4A0C-8BBA-7FE00E5C3E48}.Release|Any CPU.Build.0 = Release|Any CPU
		{D0A6B8C2-8F6C-4176-8FCC-BEE5C544C893}.Debug|Any CPU.ActiveCfg = Debug|Any CPU
		{D0A6B8C2-8F6C-4176-8FCC-BEE5C544C893}.Debug|Any CPU.Build.0 = Debug|Any CPU
		{D0A6B8C2-8F6C-4176-8FCC-BEE5C544C893}.Release|Any CPU.ActiveCfg = Release|Any CPU
		{D0A6B8C2-8F6C-4176-8FCC-BEE5C544C893}.Release|Any CPU.Build.0 = Release|Any CPU
		{F824D8FE-D869-43DE-B685-C348799E2ADE}.Debug|Any CPU.ActiveCfg = Debug|Any CPU
		{F824D8FE-D869-43DE-B685-C348799E2ADE}.Debug|Any CPU.Build.0 = Debug|Any CPU
		{F824D8FE-D869-43DE-B685-C348799E2ADE}.Release|Any CPU.ActiveCfg = Release|Any CPU
		{F824D8FE-D869-43DE-B685-C348799E2ADE}.Release|Any CPU.Build.0 = Release|Any CPU
		{98193BF7-2DFB-48B5-88FA-38A5998C6FC5}.Debug|Any CPU.ActiveCfg = Debug|Any CPU
		{98193BF7-2DFB-48B5-88FA-38A5998C6FC5}.Debug|Any CPU.Build.0 = Debug|Any CPU
		{98193BF7-2DFB-48B5-88FA-38A5998C6FC5}.Release|Any CPU.ActiveCfg = Release|Any CPU
		{98193BF7-2DFB-48B5-88FA-38A5998C6FC5}.Release|Any CPU.Build.0 = Release|Any CPU
		{0332F525-37F9-4357-855D-7872D71000D9}.Debug|Any CPU.ActiveCfg = Debug|Any CPU
		{0332F525-37F9-4357-855D-7872D71000D9}.Debug|Any CPU.Build.0 = Debug|Any CPU
		{0332F525-37F9-4357-855D-7872D71000D9}.Release|Any CPU.ActiveCfg = Release|Any CPU
		{0332F525-37F9-4357-855D-7872D71000D9}.Release|Any CPU.Build.0 = Release|Any CPU
		{002FF558-2557-443D-AE1D-ADEAAFBE99B0}.Debug|Any CPU.ActiveCfg = Debug|Any CPU
		{002FF558-2557-443D-AE1D-ADEAAFBE99B0}.Debug|Any CPU.Build.0 = Debug|Any CPU
		{002FF558-2557-443D-AE1D-ADEAAFBE99B0}.Release|Any CPU.ActiveCfg = Release|Any CPU
		{002FF558-2557-443D-AE1D-ADEAAFBE99B0}.Release|Any CPU.Build.0 = Release|Any CPU
		{0955AAC9-A9F7-4CDF-AB0F-5D9F14058E44}.Debug|Any CPU.ActiveCfg = Debug|Any CPU
		{0955AAC9-A9F7-4CDF-AB0F-5D9F14058E44}.Debug|Any CPU.Build.0 = Debug|Any CPU
		{0955AAC9-A9F7-4CDF-AB0F-5D9F14058E44}.Release|Any CPU.ActiveCfg = Release|Any CPU
		{0955AAC9-A9F7-4CDF-AB0F-5D9F14058E44}.Release|Any CPU.Build.0 = Release|Any CPU
		{6E24A950-4123-4187-98FA-58E250D8034C}.Debug|Any CPU.ActiveCfg = Debug|Any CPU
		{6E24A950-4123-4187-98FA-58E250D8034C}.Debug|Any CPU.Build.0 = Debug|Any CPU
		{6E24A950-4123-4187-98FA-58E250D8034C}.Release|Any CPU.ActiveCfg = Release|Any CPU
		{6E24A950-4123-4187-98FA-58E250D8034C}.Release|Any CPU.Build.0 = Release|Any CPU
		{69A9D67D-E680-4C83-90E6-81E61A99641B}.Debug|Any CPU.ActiveCfg = Debug|Any CPU
		{69A9D67D-E680-4C83-90E6-81E61A99641B}.Debug|Any CPU.Build.0 = Debug|Any CPU
		{69A9D67D-E680-4C83-90E6-81E61A99641B}.Release|Any CPU.ActiveCfg = Release|Any CPU
		{69A9D67D-E680-4C83-90E6-81E61A99641B}.Release|Any CPU.Build.0 = Release|Any CPU
		{9CC825DA-E4BF-4B32-9100-D3F026823000}.Debug|Any CPU.ActiveCfg = Debug|Any CPU
		{9CC825DA-E4BF-4B32-9100-D3F026823000}.Debug|Any CPU.Build.0 = Debug|Any CPU
		{9CC825DA-E4BF-4B32-9100-D3F026823000}.Release|Any CPU.ActiveCfg = Release|Any CPU
		{9CC825DA-E4BF-4B32-9100-D3F026823000}.Release|Any CPU.Build.0 = Release|Any CPU
	EndGlobalSection
	GlobalSection(SolutionProperties) = preSolution
		HideSolutionNode = FALSE
	EndGlobalSection
	GlobalSection(NestedProjects) = preSolution
		{DCEEE20B-70C2-40E1-855B-5BF3AA8F28CA} = {B10F2FCB-697A-4090-996C-57D1841181DF}
		{4EC008E5-F584-4A0C-8BBA-7FE00E5C3E48} = {DCEEE20B-70C2-40E1-855B-5BF3AA8F28CA}
		{D0A6B8C2-8F6C-4176-8FCC-BEE5C544C893} = {DCEEE20B-70C2-40E1-855B-5BF3AA8F28CA}
		{F824D8FE-D869-43DE-B685-C348799E2ADE} = {DCEEE20B-70C2-40E1-855B-5BF3AA8F28CA}
		{98193BF7-2DFB-48B5-88FA-38A5998C6FC5} = {DCEEE20B-70C2-40E1-855B-5BF3AA8F28CA}
		{0332F525-37F9-4357-855D-7872D71000D9} = {3C318AF9-4D59-4A7F-A557-51B42FAFC081}
		{002FF558-2557-443D-AE1D-ADEAAFBE99B0} = {3C07DF60-D035-4AA8-9A46-08958495C88D}
		{3C07DF60-D035-4AA8-9A46-08958495C88D} = {B10F2FCB-697A-4090-996C-57D1841181DF}
		{0955AAC9-A9F7-4CDF-AB0F-5D9F14058E44} = {3C07DF60-D035-4AA8-9A46-08958495C88D}
		{C9E87FD4-52FE-405F-9B0F-7C547F70C928} = {B10F2FCB-697A-4090-996C-57D1841181DF}
		{6E24A950-4123-4187-98FA-58E250D8034C} = {C9E87FD4-52FE-405F-9B0F-7C547F70C928}
		{69A9D67D-E680-4C83-90E6-81E61A99641B} = {3C318AF9-4D59-4A7F-A557-51B42FAFC081}
		{9CC825DA-E4BF-4B32-9100-D3F026823000} = {3C318AF9-4D59-4A7F-A557-51B42FAFC081}
	EndGlobalSection
	GlobalSection(ExtensibilityGlobals) = postSolution
		SolutionGuid = {6B55CF85-E79B-43AB-8DA6-9F4D0B74CC07}
	EndGlobalSection
EndGlobal
